{
  "R": {
    "Version": "4.5.3",
    "Repositories": {
      "CRAN": "https://cran.rstudio.com"
    }
  },
  "Packages": {
    "fdapace": {
      "Package": "fdapace",
      "Version": "0.6.0",
      "Source": "CRAN"
    },
    "face": {
      "Package": "face",
      "Version": "0.1-8",
      "Source": "CRAN"
    },
    "MFPCA": {
      "Package": "MFPCA",
      "Version": "1.3-11",
      "Source": "CRAN"
    },
    "funData": {
      "Package": "funData",
      "Version": "1.3-9",
      "Source": "CRAN"
    },
    "conformalInference.fd": {
      "Package": "conformalInference.fd",
      "Version": "1.1.1",
      "Source": "CRAN"
    },
    "mgcv": {
      "Package": "mgcv",
      "Version": "1.9-4",
      "Source": "CRAN"
    },
    "yaml": {
      "Package": "yaml",
      "Version": "2.3.12",
      "Source": "CRAN"
    },
    "digest": {
      "Package": "digest",
      "Version": "0.6.39",
      "Source": "CRAN"
    },
    "dplyr": {
      "Package": "dplyr",
      "Version": "1.2.0",
      "Source": "CRAN"
    },
    "tidyr": {
      "Package": "tidyr",
      "Version": "1.3.2",
      "Source": "CRAN"
    },
    "purrr": {
      "Package": "purrr",
      "Version": "1.2.1",
      "Source": "CRAN"
    },
    "tibble": {
      "Package": "tibble",
      "Version": "3.3.1",
      "Source": "CRAN"
    },
    "readr": {
      "Package": "readr",
      "Version": "2.2.0",
      "Source": "CRAN"
    },
    "ggplot2": {
      "Package": "ggplot2",
      "Version": "4.0.2",
      "Source": "CRAN"
    },
    "patchwork": {
      "Package": "patchwork",
      "Version": "1.3.2",
      "Source": "CRAN"
    },
    "ggrepel": {
      "Package": "ggrepel",
      "Version": "0.9.8",
      "Source": "CRAN"
    },
    "future": {
      "Package": "future",
      "Version": "1.70.0",
      "Source": "CRAN"
    },
    "future.apply": {
      "Package": "future.apply",
      "Version": "1.20.2",
      "Source": "CRAN"
    },
    "readxl": {
      "Package": "readxl",
      "Version": "1.4.5",
      "Source": "CRAN"
    },
    "tibble.1": {
      "Package": "tibble",
      "Version": "3.3.1",
      "Source": "CRAN"
    },
    "tidyverse": {
      "Package": "tidyverse",
      "Version": "2.0.0",
      "Source": "CRAN"
    },
    "data.table": {
      "Package": "data.table",
      "Version": "1.18.2.1",
      "Source": "CRAN"
    },
    "microbenchmark": {
      "Package": "microbenchmark",
      "Version": "1.5.0",
      "Source": "CRAN"
    },
    "Matrix": {
      "Package": "Matrix",
      "Version": "1.7-4",
      "Source": "CRAN"
    }
  }
}
